
Microsoft Visual Studio Solution File, Format Version 12.00
# Visual Studio 14
VisualStudioVersion = 14.0.24720.0
MinimumVisualStudioVersion = 10.0.40219.1
Project("{FAE04EC0-301F-11D3-BF4B-00C04F79EFBC}") = "ChoregrapheProjectIO", "ChoregrapheProjectIO\ChoregrapheProjectIO.csproj", "{49C1DDA1-C00D-4912-BD68-CDCEC8F76EB6}"
EndProject
Project("{FAE04EC0-301F-11D3-BF4B-00C04F79EFBC}") = "FileConverterSample", "FileConverterSample\FileConverterSample.csproj", "{65DA0011-A29C-42B2-BE6E-45BAB697B9B6}"
EndProject
Global
	GlobalSection(SolutionConfigurationPlatforms) = preSolution
		Debug|Any CPU = Debug|Any CPU
		Release|Any CPU = Release|Any CPU
	EndGlobalSection
	GlobalSection(ProjectConfigurationPlatforms) = postSolution
		{49C1DDA1-C00D-4912-BD68-CDCEC8F76EB6}.Debug|Any CPU.ActiveCfg = Debug|Any CPU
		{49C1DDA1-C00D-4912-BD68-CDCEC8F76EB6}.Debug|Any CPU.Build.0 = Debug|Any CPU
		{49C1DDA1-C00D-4912-BD68-CDCEC8F76EB6}.Release|Any CPU.ActiveCfg = Release|Any CPU
		{49C1DDA1-C00D-4912-BD68-CDCEC8F76EB6}.Release|Any CPU.Build.0 = Release|Any CPU
		{65DA0011-A29C-42B2-BE6E-45BAB697B9B6}.Debug|Any CPU.ActiveCfg = Debug|Any CPU
		{65DA0011-A29C-42B2-BE6E-45BAB697B9B6}.Debug|Any CPU.Build.0 = Debug|Any CPU
		{65DA0011-A29C-42B2-BE6E-45BAB697B9B6}.Release|Any CPU.ActiveCfg = Release|Any CPU
		{65DA0011-A29C-42B2-BE6E-45BAB697B9B6}.Release|Any CPU.Build.0 = Release|Any CPU
	EndGlobalSection
	GlobalSection(SolutionProperties) = preSolution
		HideSolutionNode = FALSE
	EndGlobalSection
EndGlobal
